
Microsoft Visual Studio Solution File, Format Version 12.00
# Visual Studio Version 17
VisualStudioVersion = 17.4.33110.190
MinimumVisualStudioVersion = 10.0.40219.1
Project("{9A19103F-16F7-4668-BE54-9A1E7A4F7556}") = "Verify", "Verify\Verify.csproj", "{F08D5661-91AD-4620-B536-39E9BB52F9B0}"
EndProject
Project("{2150E333-8FDC-42A3-9474-1A3956D46DE8}") = "Common", "Common", "{E4DE4940-67F8-4130-91BA-066C2FCEA698}"
EndProject
Project("{9A19103F-16F7-4668-BE54-9A1E7A4F7556}") = "Common.Entity", "Common.Entity\Common.Entity.csproj", "{CCE4A84F-F878-41F8-96A4-5C1453425E4B}"
EndProject
Project("{9A19103F-16F7-4668-BE54-9A1E7A4F7556}") = "Common.Infra", "Common.Infra\Common.Infra.csproj", "{AC3A2E2E-38B8-4296-98F3-F89714677F97}"
EndProject
Project("{FAE04EC0-301F-11D3-BF4B-00C04F79EFBC}") = "Common.Core", "Common.Core\Common.Core.csproj", "{85E2481E-1A52-4BC4-9DD9-7FD978C2B521}"
EndProject
Project("{2150E333-8FDC-42A3-9474-1A3956D46DE8}") = "Features", "Features", "{797EDDDF-AC10-4F91-BBA3-06526674221C}"
EndProject
Project("{2150E333-8FDC-42A3-9474-1A3956D46DE8}") = "Verify", "Verify", "{3FD33790-76A4-44D8-B4BC-3273D91B8889}"
EndProject
Project("{FAE04EC0-301F-11D3-BF4B-00C04F79EFBC}") = "Verify.Service", "Verify.Service\Verify.Service.csproj", "{D9251642-EB7E-4D42-852E-43C7C78E926C}"
EndProject
Project("{FAE04EC0-301F-11D3-BF4B-00C04F79EFBC}") = "Verify.DAL", "Verify.DAL\Verify.DAL.csproj", "{72EAA59F-5B07-479D-BFCB-98DEA1F2962C}"
EndProject
Project("{FAE04EC0-301F-11D3-BF4B-00C04F79EFBC}") = "Verify.Core", "Verify.Core\Verify.Core.csproj", "{2D22562D-E6E8-43A2-9D3A-7E83AC64AD43}"
EndProject
Project("{FAE04EC0-301F-11D3-BF4B-00C04F79EFBC}") = "Common.Utility", "Common.Utility\Common.Utility.csproj", "{72E25BE2-3186-4227-AC3C-8316FDB5F5A8}"
EndProject
Global
	GlobalSection(SolutionConfigurationPlatforms) = preSolution
		Debug|Any CPU = Debug|Any CPU
		Release|Any CPU = Release|Any CPU
	EndGlobalSection
	GlobalSection(ProjectConfigurationPlatforms) = postSolution
		{F08D5661-91AD-4620-B536-39E9BB52F9B0}.Debug|Any CPU.ActiveCfg = Debug|Any CPU
		{F08D5661-91AD-4620-B536-39E9BB52F9B0}.Debug|Any CPU.Build.0 = Debug|Any CPU
		{F08D5661-91AD-4620-B536-39E9BB52F9B0}.Release|Any CPU.ActiveCfg = Release|Any CPU
		{F08D5661-91AD-4620-B536-39E9BB52F9B0}.Release|Any CPU.Build.0 = Release|Any CPU
		{CCE4A84F-F878-41F8-96A4-5C1453425E4B}.Debug|Any CPU.ActiveCfg = Debug|Any CPU
		{CCE4A84F-F878-41F8-96A4-5C1453425E4B}.Debug|Any CPU.Build.0 = Debug|Any CPU
		{CCE4A84F-F878-41F8-96A4-5C1453425E4B}.Release|Any CPU.ActiveCfg = Release|Any CPU
		{CCE4A84F-F878-41F8-96A4-5C1453425E4B}.Release|Any CPU.Build.0 = Release|Any CPU
		{AC3A2E2E-38B8-4296-98F3-F89714677F97}.Debug|Any CPU.ActiveCfg = Debug|Any CPU
		{AC3A2E2E-38B8-4296-98F3-F89714677F97}.Debug|Any CPU.Build.0 = Debug|Any CPU
		{AC3A2E2E-38B8-4296-98F3-F89714677F97}.Release|Any CPU.ActiveCfg = Release|Any CPU
		{AC3A2E2E-38B8-4296-98F3-F89714677F97}.Release|Any CPU.Build.0 = Release|Any CPU
		{85E2481E-1A52-4BC4-9DD9-7FD978C2B521}.Debug|Any CPU.ActiveCfg = Debug|Any CPU
		{85E2481E-1A52-4BC4-9DD9-7FD978C2B521}.Debug|Any CPU.Build.0 = Debug|Any CPU
		{85E2481E-1A52-4BC4-9DD9-7FD978C2B521}.Release|Any CPU.ActiveCfg = Release|Any CPU
		{85E2481E-1A52-4BC4-9DD9-7FD978C2B521}.Release|Any CPU.Build.0 = Release|Any CPU
		{D9251642-EB7E-4D42-852E-43C7C78E926C}.Debug|Any CPU.ActiveCfg = Debug|Any CPU
		{D9251642-EB7E-4D42-852E-43C7C78E926C}.Debug|Any CPU.Build.0 = Debug|Any CPU
		{D9251642-EB7E-4D42-852E-43C7C78E926C}.Release|Any CPU.ActiveCfg = Release|Any CPU
		{D9251642-EB7E-4D42-852E-43C7C78E926C}.Release|Any CPU.Build.0 = Release|Any CPU
		{72EAA59F-5B07-479D-BFCB-98DEA1F2962C}.Debug|Any CPU.ActiveCfg = Debug|Any CPU
		{72EAA59F-5B07-479D-BFCB-98DEA1F2962C}.Debug|Any CPU.Build.0 = Debug|Any CPU
		{72EAA59F-5B07-479D-BFCB-98DEA1F2962C}.Release|Any CPU.ActiveCfg = Release|Any CPU
		{72EAA59F-5B07-479D-BFCB-98DEA1F2962C}.Release|Any CPU.Build.0 = Release|Any CPU
		{2D22562D-E6E8-43A2-9D3A-7E83AC64AD43}.Debug|Any CPU.ActiveCfg = Debug|Any CPU
		{2D22562D-E6E8-43A2-9D3A-7E83AC64AD43}.Debug|Any CPU.Build.0 = Debug|Any CPU
		{2D22562D-E6E8-43A2-9D3A-7E83AC64AD43}.Release|Any CPU.ActiveCfg = Release|Any CPU
		{2D22562D-E6E8-43A2-9D3A-7E83AC64AD43}.Release|Any CPU.Build.0 = Release|Any CPU
		{72E25BE2-3186-4227-AC3C-8316FDB5F5A8}.Debug|Any CPU.ActiveCfg = Debug|Any CPU
		{72E25BE2-3186-4227-AC3C-8316FDB5F5A8}.Debug|Any CPU.Build.0 = Debug|Any CPU
		{72E25BE2-3186-4227-AC3C-8316FDB5F5A8}.Release|Any CPU.ActiveCfg = Release|Any CPU
		{72E25BE2-3186-4227-AC3C-8316FDB5F5A8}.Release|Any CPU.Build.0 = Release|Any CPU
	EndGlobalSection
	GlobalSection(SolutionProperties) = preSolution
		HideSolutionNode = FALSE
	EndGlobalSection
	GlobalSection(NestedProjects) = preSolution
		{CCE4A84F-F878-41F8-96A4-5C1453425E4B} = {E4DE4940-67F8-4130-91BA-066C2FCEA698}
		{AC3A2E2E-38B8-4296-98F3-F89714677F97} = {E4DE4940-67F8-4130-91BA-066C2FCEA698}
		{85E2481E-1A52-4BC4-9DD9-7FD978C2B521} = {E4DE4940-67F8-4130-91BA-066C2FCEA698}
		{3FD33790-76A4-44D8-B4BC-3273D91B8889} = {797EDDDF-AC10-4F91-BBA3-06526674221C}
		{D9251642-EB7E-4D42-852E-43C7C78E926C} = {3FD33790-76A4-44D8-B4BC-3273D91B8889}
		{72EAA59F-5B07-479D-BFCB-98DEA1F2962C} = {3FD33790-76A4-44D8-B4BC-3273D91B8889}
		{2D22562D-E6E8-43A2-9D3A-7E83AC64AD43} = {3FD33790-76A4-44D8-B4BC-3273D91B8889}
		{72E25BE2-3186-4227-AC3C-8316FDB5F5A8} = {E4DE4940-67F8-4130-91BA-066C2FCEA698}
	EndGlobalSection
	GlobalSection(ExtensibilityGlobals) = postSolution
		SolutionGuid = {38A533A6-2989-458E-AB55-E32639E14A85}
	EndGlobalSection
EndGlobal
